
Microsoft Visual Studio Solution File, Format Version 12.00
# Visual Studio Version 16
VisualStudioVersion = 16.0.29613.14
MinimumVisualStudioVersion = 10.0.40219.1
Project("{FAE04EC0-301F-11D3-BF4B-00C04F79EFBC}") = "ConsoleApp", "ConsoleApp\ConsoleApp.csproj", "{BF8F6DCC-5699-4688-A71C-C7153336DD30}"
EndProject
Global
	GlobalSection(SolutionConfigurationPlatforms) = preSolution
		Debug|Any CPU = Debug|Any CPU
		Release|Any CPU = Release|Any CPU
	EndGlobalSection
	GlobalSection(ProjectConfigurationPlatforms) = postSolution
		{BF8F6DCC-5699-4688-A71C-C7153336DD30}.Debug|Any CPU.ActiveCfg = Debug|Any CPU
		{BF8F6DCC-5699-4688-A71C-C7153336DD30}.Debug|Any CPU.Build.0 = Debug|Any CPU
		{BF8F6DCC-5699-4688-A71C-C7153336DD30}.Release|Any CPU.ActiveCfg = Release|Any CPU
		{BF8F6DCC-5699-4688-A71C-C7153336DD30}.Release|Any CPU.Build.0 = Release|Any CPU
	EndGlobalSection
	GlobalSection(SolutionProperties) = preSolution
		HideSolutionNode = FALSE
	EndGlobalSection
	GlobalSection(ExtensibilityGlobals) = postSolution
		SolutionGuid = {E1F0B590-71B6-4851-A044-7643193EFCD3}
	EndGlobalSection
EndGlobal
